
Microsoft Visual Studio Solution File, Format Version 11.00
# Visual Studio 2010
Project("{FAE04EC0-301F-11D3-BF4B-00C04F79EFBC}") = "ClothesShop", "ClothesShop\ClothesShop.csproj", "{7659A018-A1DA-4981-AE8B-6D0D5E9F386E}"
EndProject
Global
	GlobalSection(SolutionConfigurationPlatforms) = preSolution
		Debug|Any CPU = Debug|Any CPU
		Release|Any CPU = Release|Any CPU
	EndGlobalSection
	GlobalSection(ProjectConfigurationPlatforms) = postSolution
		{7659A018-A1DA-4981-AE8B-6D0D5E9F386E}.Debug|Any CPU.ActiveCfg = Debug|Any CPU
		{7659A018-A1DA-4981-AE8B-6D0D5E9F386E}.Debug|Any CPU.Build.0 = Debug|Any CPU
		{7659A018-A1DA-4981-AE8B-6D0D5E9F386E}.Release|Any CPU.ActiveCfg = Release|Any CPU
		{7659A018-A1DA-4981-AE8B-6D0D5E9F386E}.Release|Any CPU.Build.0 = Release|Any CPU
	EndGlobalSection
	GlobalSection(SolutionProperties) = preSolution
		HideSolutionNode = FALSE
	EndGlobalSection
EndGlobal
